<?xml version="1.0" encoding="utf-8"?>
<Project ToolsVersion="4.0" xmlns="http://schemas.microsoft.com/developer/msbuild/2003">
  <ItemGroup>
    <Filter Include="Source Files">
      <UniqueIdentifier>{4FC737F1-C7A5-4376-A066-2A32D752A2FF}</UniqueIdentifier>
      <Extensions>cpp;c;cc;cxx;c++;cppm;ixx;def;odl;idl;hpj;bat;asm;asmx</Extensions>
    </Filter>
    <Filter Include="Header Files">
      <UniqueIdentifier>{93995380-89BD-4b04-88EB-625FBE52EBFB}</UniqueIdentifier>
      <Extensions>h;hh;hpp;hxx;h++;hm;inl;inc;ipp;xsd</Extensions>
    </Filter>
    <Filter Include="Resource Files">
      <UniqueIdentifier>{67DA6AB6-F800-4c08-8B7A-83BB121AAD01}</UniqueIdentifier>
      <Extensions>rc;ico;cur;bmp;dlg;rc2;rct;bin;rgs;gif;jpg;jpeg;jpe;resx;tiff;tif;png;wav;mfcribbon-ms</Extensions>
    </Filter>
    <Filter Include="Header Files\ImGUI">
      <UniqueIdentifier>{206dd627-6554-45ff-9782-0ba04b3269f8}</UniqueIdentifier>
    </Filter>
    <Filter Include="Source Files\ImGUI">
      <UniqueIdentifier>{9dbf77bc-7146-4c39-ad3a-eeadfa34b364}</UniqueIdentifier>
    </Filter>
    <Filter Include="Source Files\glad">
      <UniqueIdentifier>{8cf35fe0-0f96-4891-bb25-7f14dee7e45d}</UniqueIdentifier>
    </Filter>
    <Filter Include="data">
      <UniqueIdentifier>{584aa01e-cf78-419d-86fe-b05a7f7dd3e7}</UniqueIdentifier>
    </Filter>
    <Filter Include="data\shaders">
      <UniqueIdentifier>{73d07796-dcb3-4c93-bb47-d6576ada369c}</UniqueIdentifier>
    </Filter>
    <Filter Include="Source Files\Mappers">
      <UniqueIdentifier>{900ce597-3002-4b06-afb5-4303f019c9e3}</UniqueIdentifier>
    </Filter>
    <Filter Include="Header Files\Mappers">
      <UniqueIdentifier>{8d81a30c-7a6f-4c96-aa70-b1c924a466d4}</UniqueIdentifier>
    </Filter>
  </ItemGroup>
  <ItemGroup>
    <ClCompile Include="Main.cpp">
      <Filter>Source Files</Filter>
    </ClCompile>
    <ClCompile Include="Shader.cpp">
      <Filter>Source Files</Filter>
    </ClCompile>
    <ClCompile Include="Libs\ImGUI\imgui.cpp">
      <Filter>Source Files\ImGUI</Filter>
    </ClCompile>
    <ClCompile Include="Libs\ImGUI\imgui_draw.cpp">
      <Filter>Source Files\ImGUI</Filter>
    </ClCompile>
    <ClCompile Include="Libs\ImGUI\imgui_impl_glfw.cpp">
      <Filter>Source Files\ImGUI</Filter>
    </ClCompile>
    <ClCompile Include="Libs\ImGUI\imgui_impl_opengl3.cpp">
      <Filter>Source Files\ImGUI</Filter>
    </ClCompile>
    <ClCompile Include="Libs\ImGUI\imgui_tables.cpp">
      <Filter>Source Files\ImGUI</Filter>
    </ClCompile>
    <ClCompile Include="Libs\ImGUI\imgui_widgets.cpp">
      <Filter>Source Files\ImGUI</Filter>
    </ClCompile>
    <ClCompile Include="Libs\glad\glad.c">
      <Filter>Source Files\glad</Filter>
    </ClCompile>
    <ClCompile Include="CPU.cpp">
      <Filter>Source Files</Filter>
    </ClCompile>
    <ClCompile Include="PPU.cpp">
      <Filter>Source Files</Filter>
    </ClCompile>
    <ClCompile Include="MMU.cpp">
      <Filter>Source Files</Filter>
    </ClCompile>
    <ClCompile Include="GBCore.cpp">
      <Filter>Source Files</Filter>
    </ClCompile>
    <ClCompile Include="CPU_interrupts.cpp">
      <Filter>Source Files</Filter>
    </ClCompile>
    <ClCompile Include="inputManager.cpp">
      <Filter>Source Files</Filter>
    </ClCompile>
    <ClCompile Include="serialPort.cpp">
      <Filter>Source Files</Filter>
    </ClCompile>
    <ClCompile Include="debugUI.cpp">
      <Filter>Source Files</Filter>
    </ClCompile>
    <ClCompile Include="glFunctions.cpp">
      <Filter>Source Files</Filter>
    </ClCompile>
    <ClCompile Include="MBC.h">
      <Filter>Header Files\Mappers</Filter>
    </ClCompile>
    <ClCompile Include="Cartridge.cpp">
      <Filter>Source Files</Filter>
    </ClCompile>
    <ClCompile Include="MBC1.cpp">
      <Filter>Source Files\Mappers</Filter>
    </ClCompile>
    <ClCompile Include="MBC.cpp">
      <Filter>Source Files\Mappers</Filter>
    </ClCompile>
    <ClCompile Include="APU.cpp">
      <Filter>Source Files</Filter>
    </ClCompile>
  </ItemGroup>
  <ItemGroup>
    <ClInclude Include="Libs\ImGUI\imconfig.h">
      <Filter>Header Files\ImGUI</Filter>
    </ClInclude>
    <ClInclude Include="Libs\ImGUI\imgui.h">
      <Filter>Header Files\ImGUI</Filter>
    </ClInclude>
    <ClInclude Include="Libs\ImGUI\imgui_impl_glfw.h">
      <Filter>Header Files\ImGUI</Filter>
    </ClInclude>
    <ClInclude Include="Libs\ImGUI\imgui_impl_opengl3.h">
      <Filter>Header Files\ImGUI</Filter>
    </ClInclude>
    <ClInclude Include="Libs\ImGUI\imgui_impl_opengl3_loader.h">
      <Filter>Header Files\ImGUI</Filter>
    </ClInclude>
    <ClInclude Include="Libs\ImGUI\imgui_internal.h">
      <Filter>Header Files\ImGUI</Filter>
    </ClInclude>
    <ClInclude Include="Libs\ImGUI\imstb_rectpack.h">
      <Filter>Header Files\ImGUI</Filter>
    </ClInclude>
    <ClInclude Include="Libs\ImGUI\imstb_textedit.h">
      <Filter>Header Files\ImGUI</Filter>
    </ClInclude>
    <ClInclude Include="Libs\ImGUI\imstb_truetype.h">
      <Filter>Header Files\ImGUI</Filter>
    </ClInclude>
    <ClInclude Include="Shader.h">
      <Filter>Header Files</Filter>
    </ClInclude>
    <ClInclude Include="CPU.h">
      <Filter>Header Files</Filter>
    </ClInclude>
    <ClInclude Include="PPU.h">
      <Filter>Header Files</Filter>
    </ClInclude>
    <ClInclude Include="instructionsEngine.h">
      <Filter>Header Files</Filter>
    </ClInclude>
    <ClInclude Include="MMU.h">
      <Filter>Header Files</Filter>
    </ClInclude>
    <ClInclude Include="GBCore.h">
      <Filter>Header Files</Filter>
    </ClInclude>
    <ClInclude Include="inputManager.h">
      <Filter>Header Files</Filter>
    </ClInclude>
    <ClInclude Include="serialPort.h">
      <Filter>Header Files</Filter>
    </ClInclude>
    <ClInclude Include="debugUI.h">
      <Filter>Header Files</Filter>
    </ClInclude>
    <ClInclude Include="glFunctions.h">
      <Filter>Header Files</Filter>
    </ClInclude>
    <ClInclude Include="pixelOps.h">
      <Filter>Header Files</Filter>
    </ClInclude>
    <ClInclude Include="Cartridge.h">
      <Filter>Header Files</Filter>
    </ClInclude>
    <ClInclude Include="RomOnlyMBC.h">
      <Filter>Header Files\Mappers</Filter>
    </ClInclude>
    <ClInclude Include="MBC1.h">
      <Filter>Header Files\Mappers</Filter>
    </ClInclude>
    <ClInclude Include="APU.h">
      <Filter>Header Files</Filter>
    </ClInclude>
    <ClInclude Include="EmptyMBC.h">
      <Filter>Header Files\Mappers</Filter>
    </ClInclude>
  </ItemGroup>
  <ItemGroup>
    <None Include="registers.h">
      <Filter>Header Files</Filter>
    </None>
    <None Include="bitOps.h">
      <Filter>Header Files</Filter>
    </None>
  </ItemGroup>
</Project>